
Microsoft Visual Studio Solution File, Format Version 12.00
# Visual Studio Version 16
VisualStudioVersion = 16.0.29020.237
MinimumVisualStudioVersion = 10.0.40219.1
Project("{FAE04EC0-301F-11D3-BF4B-00C04F79EFBC}") = "CheckRegularTime", "CheckRegularTime\CheckRegularTime.csproj", "{E0B8993A-E5A5-4747-8E02-00CEA2C58B05}"
EndProject
Global
	GlobalSection(SolutionConfigurationPlatforms) = preSolution
		Debug|Any CPU = Debug|Any CPU
		Release|Any CPU = Release|Any CPU
	EndGlobalSection
	GlobalSection(ProjectConfigurationPlatforms) = postSolution
		{E0B8993A-E5A5-4747-8E02-00CEA2C58B05}.Debug|Any CPU.ActiveCfg = Debug|Any CPU
		{E0B8993A-E5A5-4747-8E02-00CEA2C58B05}.Debug|Any CPU.Build.0 = Debug|Any CPU
		{E0B8993A-E5A5-4747-8E02-00CEA2C58B05}.Release|Any CPU.ActiveCfg = Release|Any CPU
		{E0B8993A-E5A5-4747-8E02-00CEA2C58B05}.Release|Any CPU.Build.0 = Release|Any CPU
	EndGlobalSection
	GlobalSection(SolutionProperties) = preSolution
		HideSolutionNode = FALSE
	EndGlobalSection
	GlobalSection(ExtensibilityGlobals) = postSolution
		SolutionGuid = {1F2CB1A0-742E-49D7-838B-F6B3A513952D}
	EndGlobalSection
EndGlobal
